
Microsoft Visual Studio Solution File, Format Version 12.00
# Visual Studio 14
VisualStudioVersion = 14.0.24720.0
MinimumVisualStudioVersion = 10.0.40219.1
Project("{2150E333-8FDC-42A3-9474-1A3956D46DE8}") = "Timer", "Timer", "{A6A7571E-7919-45BA-9655-F5BC23E5F98B}"
EndProject
Project("{FAE04EC0-301F-11D3-BF4B-00C04F79EFBC}") = "EventsTimer", "EventsTimer\EventsTimer.csproj", "{13DEF877-163B-4499-8C4F-8F2145188B1C}"
EndProject
Project("{FAE04EC0-301F-11D3-BF4B-00C04F79EFBC}") = "EventsTimerTests", "EventsTimerTests\EventsTimerTests.csproj", "{9FD736CF-6BAC-4E41-BA6A-3559E494AC31}"
EndProject
Project("{2150E333-8FDC-42A3-9474-1A3956D46DE8}") = "GenericBinarySearch", "GenericBinarySearch", "{FC5EDE12-74E8-4CD9-B0F6-3D8313082F3E}"
EndProject
Project("{FAE04EC0-301F-11D3-BF4B-00C04F79EFBC}") = "GenericBinarySearch", "GenericBinarySearch\GenericBinarySearch.csproj", "{238F688E-AE2E-4EE0-B603-E3FB296D2CB2}"
EndProject
Project("{FAE04EC0-301F-11D3-BF4B-00C04F79EFBC}") = "GenericBinarySearch.Tests", "GenericBinarySearch.Tests\GenericBinarySearch.Tests.csproj", "{B5245C69-8B2D-4EA9-9633-DB60BECEAC6F}"
EndProject
Global
	GlobalSection(SolutionConfigurationPlatforms) = preSolution
		Debug|Any CPU = Debug|Any CPU
		Release|Any CPU = Release|Any CPU
	EndGlobalSection
	GlobalSection(ProjectConfigurationPlatforms) = postSolution
		{13DEF877-163B-4499-8C4F-8F2145188B1C}.Debug|Any CPU.ActiveCfg = Debug|Any CPU
		{13DEF877-163B-4499-8C4F-8F2145188B1C}.Debug|Any CPU.Build.0 = Debug|Any CPU
		{13DEF877-163B-4499-8C4F-8F2145188B1C}.Release|Any CPU.ActiveCfg = Release|Any CPU
		{13DEF877-163B-4499-8C4F-8F2145188B1C}.Release|Any CPU.Build.0 = Release|Any CPU
		{9FD736CF-6BAC-4E41-BA6A-3559E494AC31}.Debug|Any CPU.ActiveCfg = Debug|Any CPU
		{9FD736CF-6BAC-4E41-BA6A-3559E494AC31}.Debug|Any CPU.Build.0 = Debug|Any CPU
		{9FD736CF-6BAC-4E41-BA6A-3559E494AC31}.Release|Any CPU.ActiveCfg = Release|Any CPU
		{9FD736CF-6BAC-4E41-BA6A-3559E494AC31}.Release|Any CPU.Build.0 = Release|Any CPU
		{238F688E-AE2E-4EE0-B603-E3FB296D2CB2}.Debug|Any CPU.ActiveCfg = Debug|Any CPU
		{238F688E-AE2E-4EE0-B603-E3FB296D2CB2}.Debug|Any CPU.Build.0 = Debug|Any CPU
		{238F688E-AE2E-4EE0-B603-E3FB296D2CB2}.Release|Any CPU.ActiveCfg = Release|Any CPU
		{238F688E-AE2E-4EE0-B603-E3FB296D2CB2}.Release|Any CPU.Build.0 = Release|Any CPU
		{B5245C69-8B2D-4EA9-9633-DB60BECEAC6F}.Debug|Any CPU.ActiveCfg = Debug|Any CPU
		{B5245C69-8B2D-4EA9-9633-DB60BECEAC6F}.Debug|Any CPU.Build.0 = Debug|Any CPU
		{B5245C69-8B2D-4EA9-9633-DB60BECEAC6F}.Release|Any CPU.ActiveCfg = Release|Any CPU
		{B5245C69-8B2D-4EA9-9633-DB60BECEAC6F}.Release|Any CPU.Build.0 = Release|Any CPU
	EndGlobalSection
	GlobalSection(SolutionProperties) = preSolution
		HideSolutionNode = FALSE
	EndGlobalSection
	GlobalSection(NestedProjects) = preSolution
		{13DEF877-163B-4499-8C4F-8F2145188B1C} = {A6A7571E-7919-45BA-9655-F5BC23E5F98B}
		{9FD736CF-6BAC-4E41-BA6A-3559E494AC31} = {A6A7571E-7919-45BA-9655-F5BC23E5F98B}
		{238F688E-AE2E-4EE0-B603-E3FB296D2CB2} = {FC5EDE12-74E8-4CD9-B0F6-3D8313082F3E}
		{B5245C69-8B2D-4EA9-9633-DB60BECEAC6F} = {FC5EDE12-74E8-4CD9-B0F6-3D8313082F3E}
	EndGlobalSection
EndGlobal
